// !$*UTF8*$!
{
	archiveVersion = 1;
	classes = {
	};
	objectVersion = 56;
	objects = {

/* Begin PBXBuildFile section */
		B60959592C80D40200A8BEB1 /* Enums.hpp in Sources */ = {isa = PBXBuildFile; fileRef = B6E3A72A2C80753200106E8A /* Enums.hpp */; };
		B609595A2C80D40200A8BEB1 /* Macros.hpp in Sources */ = {isa = PBXBuildFile; fileRef = B6E3A72B2C80753200106E8A /* Macros.hpp */; };
		B609595B2C80D40200A8BEB1 /* Model.cpp in Sources */ = {isa = PBXBuildFile; fileRef = B6E3A72C2C80753200106E8A /* Model.cpp */; };
		B609595C2C80D40200A8BEB1 /* Model.hpp in Sources */ = {isa = PBXBuildFile; fileRef = B6E3A72D2C80753200106E8A /* Model.hpp */; };
		B609595D2C80D40200A8BEB1 /* Structs.hpp in Sources */ = {isa = PBXBuildFile; fileRef = B6E3A72E2C80753200106E8A /* Structs.hpp */; };
		B6E3A73E2C80754B00106E8A /* Enums.hpp in Sources */ = {isa = PBXBuildFile; fileRef = B6E3A72A2C80753200106E8A /* Enums.hpp */; };
		B6E3A73F2C80754B00106E8A /* Macros.hpp in Sources */ = {isa = PBXBuildFile; fileRef = B6E3A72B2C80753200106E8A /* Macros.hpp */; };
		B6E3A7402C80754B00106E8A /* Model.cpp in Sources */ = {isa = PBXBuildFile; fileRef = B6E3A72C2C80753200106E8A /* Model.cpp */; };
		B6E3A7412C80754B00106E8A /* Model.hpp in Sources */ = {isa = PBXBuildFile; fileRef = B6E3A72D2C80753200106E8A /* Model.hpp */; };
		B6E3A7422C80754B00106E8A /* Structs.hpp in Sources */ = {isa = PBXBuildFile; fileRef = B6E3A72E2C80753200106E8A /* Structs.hpp */; };
		B6E3A7432C80754B00106E8A /* calculate_gradient_ascent_trajectory.cpp in Sources */ = {isa = PBXBuildFile; fileRef = B6E3A7302C80753200106E8A /* calculate_gradient_ascent_trajectory.cpp */; };
		B6E3A7482C809E5F00106E8A /* Enums.hpp in Sources */ = {isa = PBXBuildFile; fileRef = B6E3A72A2C80753200106E8A /* Enums.hpp */; };
		B6E3A7492C809E5F00106E8A /* Macros.hpp in Sources */ = {isa = PBXBuildFile; fileRef = B6E3A72B2C80753200106E8A /* Macros.hpp */; };
		B6E3A74A2C809E5F00106E8A /* Model.cpp in Sources */ = {isa = PBXBuildFile; fileRef = B6E3A72C2C80753200106E8A /* Model.cpp */; };
		B6E3A74B2C809E5F00106E8A /* Model.hpp in Sources */ = {isa = PBXBuildFile; fileRef = B6E3A72D2C80753200106E8A /* Model.hpp */; };
		B6E3A74C2C809E5F00106E8A /* Structs.hpp in Sources */ = {isa = PBXBuildFile; fileRef = B6E3A72E2C80753200106E8A /* Structs.hpp */; };
		B6E3A7542C809E7300106E8A /* calculate_local_optimum.cpp in Sources */ = {isa = PBXBuildFile; fileRef = B6E3A7442C80858700106E8A /* calculate_local_optimum.cpp */; };
/* End PBXBuildFile section */

/* Begin PBXCopyFilesBuildPhase section */
		B609595F2C80D40200A8BEB1 /* CopyFiles */ = {
			isa = PBXCopyFilesBuildPhase;
			buildActionMask = 2147483647;
			dstPath = /usr/share/man/man1/;
			dstSubfolderSpec = 0;
			files = (
			);
			runOnlyForDeploymentPostprocessing = 1;
		};
		B61A093E2C8070BD009D4A4C /* CopyFiles */ = {
			isa = PBXCopyFilesBuildPhase;
			buildActionMask = 2147483647;
			dstPath = /usr/share/man/man1/;
			dstSubfolderSpec = 0;
			files = (
			);
			runOnlyForDeploymentPostprocessing = 1;
		};
		B6E3A74F2C809E5F00106E8A /* CopyFiles */ = {
			isa = PBXCopyFilesBuildPhase;
			buildActionMask = 2147483647;
			dstPath = /usr/share/man/man1/;
			dstSubfolderSpec = 0;
			files = (
			);
			runOnlyForDeploymentPostprocessing = 1;
		};
/* End PBXCopyFilesBuildPhase section */

/* Begin PBXFileReference section */
		B60959632C80D40200A8BEB1 /* MMSYN_tests */ = {isa = PBXFileReference; explicitFileType = "compiled.mach-o.executable"; includeInIndex = 0; path = MMSYN_tests; sourceTree = BUILT_PRODUCTS_DIR; };
		B61A09402C8070BD009D4A4C /* calculate_gradient_ascent_trajectory */ = {isa = PBXFileReference; explicitFileType = "compiled.mach-o.executable"; includeInIndex = 0; path = calculate_gradient_ascent_trajectory; sourceTree = BUILT_PRODUCTS_DIR; };
		B65015392C89716100604166 /* conditions.csv */ = {isa = PBXFileReference; fileEncoding = 4; lastKnownFileType = text; path = conditions.csv; sourceTree = "<group>"; };
		B650153A2C89716100604166 /* directions.csv */ = {isa = PBXFileReference; fileEncoding = 4; lastKnownFileType = text; path = directions.csv; sourceTree = "<group>"; };
		B650153B2C89716100604166 /* f0.csv */ = {isa = PBXFileReference; fileEncoding = 4; lastKnownFileType = text; path = f0.csv; sourceTree = "<group>"; };
		B650153C2C89716100604166 /* kcat.csv */ = {isa = PBXFileReference; fileEncoding = 4; lastKnownFileType = text; path = kcat.csv; sourceTree = "<group>"; };
		B650153D2C89716100604166 /* KM_backward.csv */ = {isa = PBXFileReference; fileEncoding = 4; lastKnownFileType = text; path = KM_backward.csv; sourceTree = "<group>"; };
		B650153E2C89716100604166 /* KM_forward.csv */ = {isa = PBXFileReference; fileEncoding = 4; lastKnownFileType = text; path = KM_forward.csv; sourceTree = "<group>"; };
		B650153F2C89716100604166 /* M.csv */ = {isa = PBXFileReference; fileEncoding = 4; lastKnownFileType = text; path = M.csv; sourceTree = "<group>"; };
		B670A3A92C81863E00FAE7C4 /* directions.csv */ = {isa = PBXFileReference; lastKnownFileType = text; path = directions.csv; sourceTree = "<group>"; };
		B670A3AA2C81864A00FAE7C4 /* directions.csv */ = {isa = PBXFileReference; lastKnownFileType = text; path = directions.csv; sourceTree = "<group>"; };
		B670A3AB2C81865100FAE7C4 /* directions.csv */ = {isa = PBXFileReference; lastKnownFileType = text; path = directions.csv; sourceTree = "<group>"; };
		B670A3AC2C81865700FAE7C4 /* directions.csv */ = {isa = PBXFileReference; lastKnownFileType = text; path = directions.csv; sourceTree = "<group>"; };
		B670A3AD2C81865E00FAE7C4 /* directions.csv */ = {isa = PBXFileReference; lastKnownFileType = text; path = directions.csv; sourceTree = "<group>"; };
		B6E3A6AF2C80753200106E8A /* query.json */ = {isa = PBXFileReference; lastKnownFileType = text.json; path = query.json; sourceTree = "<group>"; };
		B6E3A6B22C80753200106E8A /* cache-v2-acf238b053be16424b6f.json */ = {isa = PBXFileReference; lastKnownFileType = text.json; path = "cache-v2-acf238b053be16424b6f.json"; sourceTree = "<group>"; };
		B6E3A6B32C80753200106E8A /* cmakeFiles-v1-1cfa0da44147fad4107e.json */ = {isa = PBXFileReference; lastKnownFileType = text.json; path = "cmakeFiles-v1-1cfa0da44147fad4107e.json"; sourceTree = "<group>"; };
		B6E3A6B42C80753200106E8A /* codemodel-v2-25115b678b97d337de42.json */ = {isa = PBXFileReference; lastKnownFileType = text.json; path = "codemodel-v2-25115b678b97d337de42.json"; sourceTree = "<group>"; };
		B6E3A6B52C80753200106E8A /* directory-.-Debug-f5ebdc15457944623624.json */ = {isa = PBXFileReference; lastKnownFileType = text.json; path = "directory-.-Debug-f5ebdc15457944623624.json"; sourceTree = "<group>"; };
		B6E3A6B62C80753200106E8A /* index-2024-08-29T09-07-55-0146.json */ = {isa = PBXFileReference; lastKnownFileType = text.json; path = "index-2024-08-29T09-07-55-0146.json"; sourceTree = "<group>"; };
		B6E3A6B72C80753200106E8A /* target-calculate_gradient_ascent_trajectory-Debug-20a02d205ab091d9cba4.json */ = {isa = PBXFileReference; lastKnownFileType = text.json; path = "target-calculate_gradient_ascent_trajectory-Debug-20a02d205ab091d9cba4.json"; sourceTree = "<group>"; };
		B6E3A6B82C80753200106E8A /* target-GBA_Evolution-Debug-3e685e16364c983ff7d0.json */ = {isa = PBXFileReference; lastKnownFileType = text.json; path = "target-GBA_Evolution-Debug-3e685e16364c983ff7d0.json"; sourceTree = "<group>"; };
		B6E3A6B92C80753200106E8A /* toolchains-v1-bb57840159693364638b.json */ = {isa = PBXFileReference; lastKnownFileType = text.json; path = "toolchains-v1-bb57840159693364638b.json"; sourceTree = "<group>"; };
		B6E3A6C12C80753200106E8A /* CMakeCCompilerId.c */ = {isa = PBXFileReference; lastKnownFileType = sourcecode.c.c; path = CMakeCCompilerId.c; sourceTree = "<group>"; };
		B6E3A6C22C80753200106E8A /* CMakeCCompilerId.o */ = {isa = PBXFileReference; lastKnownFileType = "compiled.mach-o.objfile"; path = CMakeCCompilerId.o; sourceTree = "<group>"; };
		B6E3A6C52C80753200106E8A /* CMakeCXXCompilerId.cpp */ = {isa = PBXFileReference; lastKnownFileType = sourcecode.cpp.cpp; path = CMakeCXXCompilerId.cpp; sourceTree = "<group>"; };
		B6E3A6C62C80753200106E8A /* CMakeCXXCompilerId.o */ = {isa = PBXFileReference; lastKnownFileType = "compiled.mach-o.objfile"; path = CMakeCXXCompilerId.o; sourceTree = "<group>"; };
		B6E3A6C82C80753200106E8A /* CMakeCCompiler.cmake */ = {isa = PBXFileReference; lastKnownFileType = text; path = CMakeCCompiler.cmake; sourceTree = "<group>"; };
		B6E3A6C92C80753200106E8A /* CMakeCXXCompiler.cmake */ = {isa = PBXFileReference; lastKnownFileType = text; path = CMakeCXXCompiler.cmake; sourceTree = "<group>"; };
		B6E3A6CA2C80753200106E8A /* CMakeDetermineCompilerABI_C.bin */ = {isa = PBXFileReference; lastKnownFileType = archive.macbinary; path = CMakeDetermineCompilerABI_C.bin; sourceTree = "<group>"; };
		B6E3A6CB2C80753200106E8A /* CMakeDetermineCompilerABI_CXX.bin */ = {isa = PBXFileReference; lastKnownFileType = archive.macbinary; path = CMakeDetermineCompilerABI_CXX.bin; sourceTree = "<group>"; };
		B6E3A6CC2C80753200106E8A /* CMakeSystem.cmake */ = {isa = PBXFileReference; lastKnownFileType = text; path = CMakeSystem.cmake; sourceTree = "<group>"; };
		B6E3A6CF2C80753200106E8A /* build.make */ = {isa = PBXFileReference; lastKnownFileType = sourcecode.make; path = build.make; sourceTree = "<group>"; };
		B6E3A6D02C80753200106E8A /* cmake_clean.cmake */ = {isa = PBXFileReference; lastKnownFileType = text; path = cmake_clean.cmake; sourceTree = "<group>"; };
		B6E3A6D12C80753200106E8A /* compiler_depend.make */ = {isa = PBXFileReference; lastKnownFileType = sourcecode.make; path = compiler_depend.make; sourceTree = "<group>"; };
		B6E3A6D22C80753200106E8A /* compiler_depend.ts */ = {isa = PBXFileReference; lastKnownFileType = sourcecode.typescript; path = compiler_depend.ts; sourceTree = "<group>"; };
		B6E3A6D32C80753200106E8A /* depend.make */ = {isa = PBXFileReference; lastKnownFileType = sourcecode.make; path = depend.make; sourceTree = "<group>"; };
		B6E3A6D42C80753200106E8A /* DependInfo.cmake */ = {isa = PBXFileReference; lastKnownFileType = text; path = DependInfo.cmake; sourceTree = "<group>"; };
		B6E3A6D52C80753200106E8A /* flags.make */ = {isa = PBXFileReference; lastKnownFileType = sourcecode.make; path = flags.make; sourceTree = "<group>"; };
		B6E3A6D62C80753200106E8A /* link.txt */ = {isa = PBXFileReference; lastKnownFileType = text; path = link.txt; sourceTree = "<group>"; };
		B6E3A6D72C80753200106E8A /* progress.make */ = {isa = PBXFileReference; lastKnownFileType = sourcecode.make; path = progress.make; sourceTree = "<group>"; };
		B6E3A6DA2C80753200106E8A /* Model.cpp.o.d */ = {isa = PBXFileReference; lastKnownFileType = sourcecode.dtrace; path = Model.cpp.o.d; sourceTree = "<group>"; };
		B6E3A6DD2C80753200106E8A /* build.make */ = {isa = PBXFileReference; lastKnownFileType = sourcecode.make; path = build.make; sourceTree = "<group>"; };
		B6E3A6DE2C80753200106E8A /* cmake_clean_target.cmake */ = {isa = PBXFileReference; lastKnownFileType = text; path = cmake_clean_target.cmake; sourceTree = "<group>"; };
		B6E3A6DF2C80753200106E8A /* cmake_clean.cmake */ = {isa = PBXFileReference; lastKnownFileType = text; path = cmake_clean.cmake; sourceTree = "<group>"; };
		B6E3A6E02C80753200106E8A /* compiler_depend.make */ = {isa = PBXFileReference; lastKnownFileType = sourcecode.make; path = compiler_depend.make; sourceTree = "<group>"; };
		B6E3A6E12C80753200106E8A /* compiler_depend.ts */ = {isa = PBXFileReference; lastKnownFileType = sourcecode.typescript; path = compiler_depend.ts; sourceTree = "<group>"; };
		B6E3A6E22C80753200106E8A /* depend.make */ = {isa = PBXFileReference; lastKnownFileType = sourcecode.make; path = depend.make; sourceTree = "<group>"; };
		B6E3A6E32C80753200106E8A /* DependInfo.cmake */ = {isa = PBXFileReference; lastKnownFileType = text; path = DependInfo.cmake; sourceTree = "<group>"; };
		B6E3A6E42C80753200106E8A /* flags.make */ = {isa = PBXFileReference; lastKnownFileType = sourcecode.make; path = flags.make; sourceTree = "<group>"; };
		B6E3A6E52C80753200106E8A /* link.txt */ = {isa = PBXFileReference; lastKnownFileType = text; path = link.txt; sourceTree = "<group>"; };
		B6E3A6E62C80753200106E8A /* progress.make */ = {isa = PBXFileReference; lastKnownFileType = sourcecode.make; path = progress.make; sourceTree = "<group>"; };
		B6E3A6E92C80753200106E8A /* 1 */ = {isa = PBXFileReference; lastKnownFileType = text; path = 1; sourceTree = "<group>"; };
		B6E3A6EA2C80753200106E8A /* count.txt */ = {isa = PBXFileReference; lastKnownFileType = text; path = count.txt; sourceTree = "<group>"; };
		B6E3A6EC2C80753200106E8A /* cmake.check_cache */ = {isa = PBXFileReference; lastKnownFileType = text; path = cmake.check_cache; sourceTree = "<group>"; };
		B6E3A6ED2C80753200106E8A /* CMakeConfigureLog.yaml */ = {isa = PBXFileReference; lastKnownFileType = text.yaml; path = CMakeConfigureLog.yaml; sourceTree = "<group>"; };
		B6E3A6EE2C80753200106E8A /* CMakeDirectoryInformation.cmake */ = {isa = PBXFileReference; lastKnownFileType = text; path = CMakeDirectoryInformation.cmake; sourceTree = "<group>"; };
		B6E3A6EF2C80753200106E8A /* Makefile.cmake */ = {isa = PBXFileReference; lastKnownFileType = text; path = Makefile.cmake; sourceTree = "<group>"; };
		B6E3A6F02C80753200106E8A /* Makefile2 */ = {isa = PBXFileReference; lastKnownFileType = text; path = Makefile2; sourceTree = "<group>"; };
		B6E3A6F12C80753200106E8A /* progress.marks */ = {isa = PBXFileReference; lastKnownFileType = text; path = progress.marks; sourceTree = "<group>"; };
		B6E3A6F22C80753200106E8A /* TargetDirectories.txt */ = {isa = PBXFileReference; lastKnownFileType = text; path = TargetDirectories.txt; sourceTree = "<group>"; };
		B6E3A6F42C80753200106E8A /* Config.h.in */ = {isa = PBXFileReference; lastKnownFileType = text; path = Config.h.in; sourceTree = "<group>"; };
		B6E3A6F52C80753200106E8A /* FindGSL.cmake */ = {isa = PBXFileReference; lastKnownFileType = text; path = FindGSL.cmake; sourceTree = "<group>"; };
		B6E3A6F72C80753200106E8A /* cmake_install.cmake */ = {isa = PBXFileReference; lastKnownFileType = text; path = cmake_install.cmake; sourceTree = "<group>"; };
		B6E3A6F82C80753200106E8A /* CMakeCache.txt */ = {isa = PBXFileReference; lastKnownFileType = text; path = CMakeCache.txt; sourceTree = "<group>"; };
		B6E3A6F92C80753200106E8A /* Config.h */ = {isa = PBXFileReference; lastKnownFileType = sourcecode.c.h; path = Config.h; sourceTree = "<group>"; };
		B6E3A6FA2C80753200106E8A /* make_clean.sh */ = {isa = PBXFileReference; lastKnownFileType = text.script.sh; path = make_clean.sh; sourceTree = "<group>"; };
		B6E3A6FB2C80753200106E8A /* make_debug.sh */ = {isa = PBXFileReference; lastKnownFileType = text.script.sh; path = make_debug.sh; sourceTree = "<group>"; };
		B6E3A6FC2C80753200106E8A /* make.sh */ = {isa = PBXFileReference; lastKnownFileType = text.script.sh; path = make.sh; sourceTree = "<group>"; };
		B6E3A6FD2C80753200106E8A /* Makefile */ = {isa = PBXFileReference; lastKnownFileType = sourcecode.make; path = Makefile; sourceTree = "<group>"; };
		B6E3A6FF2C80753200106E8A /* conditions.csv */ = {isa = PBXFileReference; lastKnownFileType = text; path = conditions.csv; sourceTree = "<group>"; };
		B6E3A7012C80753200106E8A /* f0.csv */ = {isa = PBXFileReference; lastKnownFileType = text; path = f0.csv; sourceTree = "<group>"; };
		B6E3A7022C80753200106E8A /* Info.csv */ = {isa = PBXFileReference; lastKnownFileType = text; path = Info.csv; sourceTree = "<group>"; };
		B6E3A7032C80753200106E8A /* kcat.csv */ = {isa = PBXFileReference; lastKnownFileType = text; path = kcat.csv; sourceTree = "<group>"; };
		B6E3A7042C80753200106E8A /* KM_forward.csv */ = {isa = PBXFileReference; lastKnownFileType = text; path = KM_forward.csv; sourceTree = "<group>"; };
		B6E3A7052C80753200106E8A /* M.csv */ = {isa = PBXFileReference; lastKnownFileType = text; path = M.csv; sourceTree = "<group>"; };
		B6E3A7072C80753200106E8A /* conditions.csv */ = {isa = PBXFileReference; lastKnownFileType = text; path = conditions.csv; sourceTree = "<group>"; };
		B6E3A7092C80753200106E8A /* f0.csv */ = {isa = PBXFileReference; lastKnownFileType = text; path = f0.csv; sourceTree = "<group>"; };
		B6E3A70A2C80753200106E8A /* Info.csv */ = {isa = PBXFileReference; lastKnownFileType = text; path = Info.csv; sourceTree = "<group>"; };
		B6E3A70B2C80753200106E8A /* kcat.csv */ = {isa = PBXFileReference; lastKnownFileType = text; path = kcat.csv; sourceTree = "<group>"; };
		B6E3A70C2C80753200106E8A /* KM_forward.csv */ = {isa = PBXFileReference; lastKnownFileType = text; path = KM_forward.csv; sourceTree = "<group>"; };
		B6E3A70D2C80753200106E8A /* M.csv */ = {isa = PBXFileReference; lastKnownFileType = text; path = M.csv; sourceTree = "<group>"; };
		B6E3A70F2C80753200106E8A /* conditions.csv */ = {isa = PBXFileReference; lastKnownFileType = text; path = conditions.csv; sourceTree = "<group>"; };
		B6E3A7112C80753200106E8A /* f0.csv */ = {isa = PBXFileReference; lastKnownFileType = text; path = f0.csv; sourceTree = "<group>"; };
		B6E3A7122C80753200106E8A /* Info.csv */ = {isa = PBXFileReference; lastKnownFileType = text; path = Info.csv; sourceTree = "<group>"; };
		B6E3A7132C80753200106E8A /* kcat.csv */ = {isa = PBXFileReference; lastKnownFileType = text; path = kcat.csv; sourceTree = "<group>"; };
		B6E3A7142C80753200106E8A /* KM_forward.csv */ = {isa = PBXFileReference; lastKnownFileType = text; path = KM_forward.csv; sourceTree = "<group>"; };
		B6E3A7152C80753200106E8A /* M.csv */ = {isa = PBXFileReference; lastKnownFileType = text; path = M.csv; sourceTree = "<group>"; };
		B6E3A7172C80753200106E8A /* conditions.csv */ = {isa = PBXFileReference; lastKnownFileType = text; path = conditions.csv; sourceTree = "<group>"; };
		B6E3A7192C80753200106E8A /* f0.csv */ = {isa = PBXFileReference; lastKnownFileType = text; path = f0.csv; sourceTree = "<group>"; };
		B6E3A71A2C80753200106E8A /* Info.csv */ = {isa = PBXFileReference; lastKnownFileType = text; path = Info.csv; sourceTree = "<group>"; };
		B6E3A71B2C80753200106E8A /* kcat.csv */ = {isa = PBXFileReference; lastKnownFileType = text; path = kcat.csv; sourceTree = "<group>"; };
		B6E3A71C2C80753200106E8A /* KM_forward.csv */ = {isa = PBXFileReference; lastKnownFileType = text; path = KM_forward.csv; sourceTree = "<group>"; };
		B6E3A71D2C80753200106E8A /* M.csv */ = {isa = PBXFileReference; lastKnownFileType = text; path = M.csv; sourceTree = "<group>"; };
		B6E3A71F2C80753200106E8A /* conditions.csv */ = {isa = PBXFileReference; lastKnownFileType = text; path = conditions.csv; sourceTree = "<group>"; };
		B6E3A7212C80753200106E8A /* f0.csv */ = {isa = PBXFileReference; lastKnownFileType = text; path = f0.csv; sourceTree = "<group>"; };
		B6E3A7222C80753200106E8A /* Info.csv */ = {isa = PBXFileReference; lastKnownFileType = text; path = Info.csv; sourceTree = "<group>"; };
		B6E3A7232C80753200106E8A /* KA.csv */ = {isa = PBXFileReference; lastKnownFileType = text; path = KA.csv; sourceTree = "<group>"; };
		B6E3A7242C80753200106E8A /* kcat.csv */ = {isa = PBXFileReference; lastKnownFileType = text; path = kcat.csv; sourceTree = "<group>"; };
		B6E3A7252C80753200106E8A /* KM_forward.csv */ = {isa = PBXFileReference; lastKnownFileType = text; path = KM_forward.csv; sourceTree = "<group>"; };
		B6E3A7262C80753200106E8A /* M.csv */ = {isa = PBXFileReference; lastKnownFileType = text; path = M.csv; sourceTree = "<group>"; };
		B6E3A72A2C80753200106E8A /* Enums.hpp */ = {isa = PBXFileReference; lastKnownFileType = sourcecode.cpp.h; path = Enums.hpp; sourceTree = "<group>"; };
		B6E3A72B2C80753200106E8A /* Macros.hpp */ = {isa = PBXFileReference; lastKnownFileType = sourcecode.cpp.h; path = Macros.hpp; sourceTree = "<group>"; };
		B6E3A72C2C80753200106E8A /* Model.cpp */ = {isa = PBXFileReference; lastKnownFileType = sourcecode.cpp.cpp; path = Model.cpp; sourceTree = "<group>"; };
		B6E3A72D2C80753200106E8A /* Model.hpp */ = {isa = PBXFileReference; lastKnownFileType = sourcecode.cpp.h; path = Model.hpp; sourceTree = "<group>"; };
		B6E3A72E2C80753200106E8A /* Structs.hpp */ = {isa = PBXFileReference; lastKnownFileType = sourcecode.cpp.h; path = Structs.hpp; sourceTree = "<group>"; };
		B6E3A7302C80753200106E8A /* calculate_gradient_ascent_trajectory.cpp */ = {isa = PBXFileReference; lastKnownFileType = sourcecode.cpp.cpp; path = calculate_gradient_ascent_trajectory.cpp; sourceTree = "<group>"; };
		B6E3A7322C80753200106E8A /* GBA_Evolution_2.xcodeproj */ = {isa = PBXFileReference; lastKnownFileType = "wrapper.pb-project"; path = GBA_Evolution_2.xcodeproj; sourceTree = "<group>"; };
		B6E3A7352C80753200106E8A /* .gitignore */ = {isa = PBXFileReference; lastKnownFileType = text; path = .gitignore; sourceTree = "<group>"; };
		B6E3A7362C80753200106E8A /* clean_folders.sh */ = {isa = PBXFileReference; lastKnownFileType = text.script.sh; path = clean_folders.sh; sourceTree = "<group>"; };
		B6E3A7372C80753200106E8A /* CMakeLists.txt */ = {isa = PBXFileReference; lastKnownFileType = text; path = CMakeLists.txt; sourceTree = "<group>"; };
		B6E3A7382C80753200106E8A /* LICENSE */ = {isa = PBXFileReference; lastKnownFileType = text; path = LICENSE; sourceTree = "<group>"; };
		B6E3A7392C80753200106E8A /* plot_trajectory.R */ = {isa = PBXFileReference; lastKnownFileType = sourcecode.rez; path = plot_trajectory.R; sourceTree = "<group>"; };
		B6E3A73A2C80753200106E8A /* README.md */ = {isa = PBXFileReference; lastKnownFileType = net.daringfireball.markdown; path = README.md; sourceTree = "<group>"; };
		B6E3A7442C80858700106E8A /* calculate_local_optimum.cpp */ = {isa = PBXFileReference; lastKnownFileType = sourcecode.cpp.cpp; path = calculate_local_optimum.cpp; sourceTree = "<group>"; };
		B6E3A7532C809E5F00106E8A /* calculate_local_optimum */ = {isa = PBXFileReference; explicitFileType = "compiled.mach-o.executable"; includeInIndex = 0; path = calculate_local_optimum; sourceTree = BUILT_PRODUCTS_DIR; };
		B6EABD832C8731EA00851672 /* initial_report.txt */ = {isa = PBXFileReference; fileEncoding = 4; lastKnownFileType = text; path = initial_report.txt; sourceTree = "<group>"; };
/* End PBXFileReference section */

/* Begin PBXFrameworksBuildPhase section */
		B609595E2C80D40200A8BEB1 /* Frameworks */ = {
			isa = PBXFrameworksBuildPhase;
			buildActionMask = 2147483647;
			files = (
			);
			runOnlyForDeploymentPostprocessing = 0;
		};
		B61A093D2C8070BD009D4A4C /* Frameworks */ = {
			isa = PBXFrameworksBuildPhase;
			buildActionMask = 2147483647;
			files = (
			);
			runOnlyForDeploymentPostprocessing = 0;
		};
		B6E3A74E2C809E5F00106E8A /* Frameworks */ = {
			isa = PBXFrameworksBuildPhase;
			buildActionMask = 2147483647;
			files = (
			);
			runOnlyForDeploymentPostprocessing = 0;
		};
/* End PBXFrameworksBuildPhase section */

/* Begin PBXGroup section */
		B61A08E82C806E72009D4A4C = {
			isa = PBXGroup;
			children = (
				B6E3A73B2C80753200106E8A /* GBA_Evolution_2 */,
				B61A08F22C806E72009D4A4C /* Products */,
			);
			sourceTree = "<group>";
		};
		B61A08F22C806E72009D4A4C /* Products */ = {
			isa = PBXGroup;
			children = (
				B61A09402C8070BD009D4A4C /* calculate_gradient_ascent_trajectory */,
				B6E3A7532C809E5F00106E8A /* calculate_local_optimum */,
				B60959632C80D40200A8BEB1 /* MMSYN_tests */,
			);
			name = Products;
			sourceTree = "<group>";
		};
		B65015402C89716100604166 /* MMSYN */ = {
			isa = PBXGroup;
			children = (
				B65015392C89716100604166 /* conditions.csv */,
				B650153A2C89716100604166 /* directions.csv */,
				B650153B2C89716100604166 /* f0.csv */,
				B650153C2C89716100604166 /* kcat.csv */,
				B650153D2C89716100604166 /* KM_backward.csv */,
				B650153E2C89716100604166 /* KM_forward.csv */,
				B650153F2C89716100604166 /* M.csv */,
			);
			path = MMSYN;
			sourceTree = "<group>";
		};
		B6E3A6B02C80753200106E8A /* client-vscode */ = {
			isa = PBXGroup;
			children = (
				B6E3A6AF2C80753200106E8A /* query.json */,
			);
			path = "client-vscode";
			sourceTree = "<group>";
		};
		B6E3A6B12C80753200106E8A /* query */ = {
			isa = PBXGroup;
			children = (
				B6E3A6B02C80753200106E8A /* client-vscode */,
			);
			path = query;
			sourceTree = "<group>";
		};
		B6E3A6BA2C80753200106E8A /* reply */ = {
			isa = PBXGroup;
			children = (
				B6E3A6B22C80753200106E8A /* cache-v2-acf238b053be16424b6f.json */,
				B6E3A6B32C80753200106E8A /* cmakeFiles-v1-1cfa0da44147fad4107e.json */,
				B6E3A6B42C80753200106E8A /* codemodel-v2-25115b678b97d337de42.json */,
				B6E3A6B52C80753200106E8A /* directory-.-Debug-f5ebdc15457944623624.json */,
				B6E3A6B62C80753200106E8A /* index-2024-08-29T09-07-55-0146.json */,
				B6E3A6B72C80753200106E8A /* target-calculate_gradient_ascent_trajectory-Debug-20a02d205ab091d9cba4.json */,
				B6E3A6B82C80753200106E8A /* target-GBA_Evolution-Debug-3e685e16364c983ff7d0.json */,
				B6E3A6B92C80753200106E8A /* toolchains-v1-bb57840159693364638b.json */,
			);
			path = reply;
			sourceTree = "<group>";
		};
		B6E3A6BB2C80753200106E8A /* v1 */ = {
			isa = PBXGroup;
			children = (
				B6E3A6B12C80753200106E8A /* query */,
				B6E3A6BA2C80753200106E8A /* reply */,
			);
			path = v1;
			sourceTree = "<group>";
		};
		B6E3A6BC2C80753200106E8A /* api */ = {
			isa = PBXGroup;
			children = (
				B6E3A6BB2C80753200106E8A /* v1 */,
			);
			path = api;
			sourceTree = "<group>";
		};
		B6E3A6BD2C80753200106E8A /* .cmake */ = {
			isa = PBXGroup;
			children = (
				B6E3A6BC2C80753200106E8A /* api */,
			);
			path = .cmake;
			sourceTree = "<group>";
		};
		B6E3A6BE2C80753200106E8A /* bin */ = {
			isa = PBXGroup;
			children = (
			);
			path = bin;
			sourceTree = "<group>";
		};
		B6E3A6BF2C80753200106E8A /* build */ = {
			isa = PBXGroup;
			children = (
				B6E3A6BD2C80753200106E8A /* .cmake */,
				B6E3A6BE2C80753200106E8A /* bin */,
			);
			path = build;
			sourceTree = "<group>";
		};
		B6E3A6C02C80753200106E8A /* tmp */ = {
			isa = PBXGroup;
			children = (
			);
			path = tmp;
			sourceTree = "<group>";
		};
		B6E3A6C32C80753200106E8A /* CompilerIdC */ = {
			isa = PBXGroup;
			children = (
				B6E3A6C02C80753200106E8A /* tmp */,
				B6E3A6C12C80753200106E8A /* CMakeCCompilerId.c */,
				B6E3A6C22C80753200106E8A /* CMakeCCompilerId.o */,
			);
			path = CompilerIdC;
			sourceTree = "<group>";
		};
		B6E3A6C42C80753200106E8A /* tmp */ = {
			isa = PBXGroup;
			children = (
			);
			path = tmp;
			sourceTree = "<group>";
		};
		B6E3A6C72C80753200106E8A /* CompilerIdCXX */ = {
			isa = PBXGroup;
			children = (
				B6E3A6C42C80753200106E8A /* tmp */,
				B6E3A6C52C80753200106E8A /* CMakeCXXCompilerId.cpp */,
				B6E3A6C62C80753200106E8A /* CMakeCXXCompilerId.o */,
			);
			path = CompilerIdCXX;
			sourceTree = "<group>";
		};
		B6E3A6CD2C80753200106E8A /* 3.30.1 */ = {
			isa = PBXGroup;
			children = (
				B6E3A6C32C80753200106E8A /* CompilerIdC */,
				B6E3A6C72C80753200106E8A /* CompilerIdCXX */,
				B6E3A6C82C80753200106E8A /* CMakeCCompiler.cmake */,
				B6E3A6C92C80753200106E8A /* CMakeCXXCompiler.cmake */,
				B6E3A6CA2C80753200106E8A /* CMakeDetermineCompilerABI_C.bin */,
				B6E3A6CB2C80753200106E8A /* CMakeDetermineCompilerABI_CXX.bin */,
				B6E3A6CC2C80753200106E8A /* CMakeSystem.cmake */,
			);
			path = 3.30.1;
			sourceTree = "<group>";
		};
		B6E3A6CE2C80753200106E8A /* src */ = {
			isa = PBXGroup;
			children = (
			);
			path = src;
			sourceTree = "<group>";
		};
		B6E3A6D82C80753200106E8A /* calculate_gradient_ascent_trajectory.dir */ = {
			isa = PBXGroup;
			children = (
				B6E3A6CE2C80753200106E8A /* src */,
				B6E3A6CF2C80753200106E8A /* build.make */,
				B6E3A6D02C80753200106E8A /* cmake_clean.cmake */,
				B6E3A6D12C80753200106E8A /* compiler_depend.make */,
				B6E3A6D22C80753200106E8A /* compiler_depend.ts */,
				B6E3A6D32C80753200106E8A /* depend.make */,
				B6E3A6D42C80753200106E8A /* DependInfo.cmake */,
				B6E3A6D52C80753200106E8A /* flags.make */,
				B6E3A6D62C80753200106E8A /* link.txt */,
				B6E3A6D72C80753200106E8A /* progress.make */,
			);
			path = calculate_gradient_ascent_trajectory.dir;
			sourceTree = "<group>";
		};
		B6E3A6D92C80753200106E8A /* CMakeScratch */ = {
			isa = PBXGroup;
			children = (
			);
			path = CMakeScratch;
			sourceTree = "<group>";
		};
		B6E3A6DB2C80753200106E8A /* lib */ = {
			isa = PBXGroup;
			children = (
				B6E3A6DA2C80753200106E8A /* Model.cpp.o.d */,
			);
			path = lib;
			sourceTree = "<group>";
		};
		B6E3A6DC2C80753200106E8A /* src */ = {
			isa = PBXGroup;
			children = (
				B6E3A6DB2C80753200106E8A /* lib */,
			);
			path = src;
			sourceTree = "<group>";
		};
		B6E3A6E72C80753200106E8A /* GBA_Evolution.dir */ = {
			isa = PBXGroup;
			children = (
				B6E3A6DC2C80753200106E8A /* src */,
				B6E3A6DD2C80753200106E8A /* build.make */,
				B6E3A6DE2C80753200106E8A /* cmake_clean_target.cmake */,
				B6E3A6DF2C80753200106E8A /* cmake_clean.cmake */,
				B6E3A6E02C80753200106E8A /* compiler_depend.make */,
				B6E3A6E12C80753200106E8A /* compiler_depend.ts */,
				B6E3A6E22C80753200106E8A /* depend.make */,
				B6E3A6E32C80753200106E8A /* DependInfo.cmake */,
				B6E3A6E42C80753200106E8A /* flags.make */,
				B6E3A6E52C80753200106E8A /* link.txt */,
				B6E3A6E62C80753200106E8A /* progress.make */,
			);
			path = GBA_Evolution.dir;
			sourceTree = "<group>";
		};
		B6E3A6E82C80753200106E8A /* pkgRedirects */ = {
			isa = PBXGroup;
			children = (
			);
			path = pkgRedirects;
			sourceTree = "<group>";
		};
		B6E3A6EB2C80753200106E8A /* Progress */ = {
			isa = PBXGroup;
			children = (
				B6E3A6E92C80753200106E8A /* 1 */,
				B6E3A6EA2C80753200106E8A /* count.txt */,
			);
			path = Progress;
			sourceTree = "<group>";
		};
		B6E3A6F32C80753200106E8A /* CMakeFiles */ = {
			isa = PBXGroup;
			children = (
				B6E3A6CD2C80753200106E8A /* 3.30.1 */,
				B6E3A6D82C80753200106E8A /* calculate_gradient_ascent_trajectory.dir */,
				B6E3A6D92C80753200106E8A /* CMakeScratch */,
				B6E3A6E72C80753200106E8A /* GBA_Evolution.dir */,
				B6E3A6E82C80753200106E8A /* pkgRedirects */,
				B6E3A6EB2C80753200106E8A /* Progress */,
				B6E3A6EC2C80753200106E8A /* cmake.check_cache */,
				B6E3A6ED2C80753200106E8A /* CMakeConfigureLog.yaml */,
				B6E3A6EE2C80753200106E8A /* CMakeDirectoryInformation.cmake */,
				B6E3A6EF2C80753200106E8A /* Makefile.cmake */,
				B6E3A6F02C80753200106E8A /* Makefile2 */,
				B6E3A6F12C80753200106E8A /* progress.marks */,
				B6E3A6F22C80753200106E8A /* TargetDirectories.txt */,
			);
			path = CMakeFiles;
			sourceTree = "<group>";
		};
		B6E3A6F62C80753200106E8A /* modules */ = {
			isa = PBXGroup;
			children = (
				B6E3A6F42C80753200106E8A /* Config.h.in */,
				B6E3A6F52C80753200106E8A /* FindGSL.cmake */,
			);
			path = modules;
			sourceTree = "<group>";
		};
		B6E3A6FE2C80753200106E8A /* cmake */ = {
			isa = PBXGroup;
			children = (
				B6E3A6F32C80753200106E8A /* CMakeFiles */,
				B6E3A6F62C80753200106E8A /* modules */,
				B6E3A6F72C80753200106E8A /* cmake_install.cmake */,
				B6E3A6F82C80753200106E8A /* CMakeCache.txt */,
				B6E3A6F92C80753200106E8A /* Config.h */,
				B6E3A6FA2C80753200106E8A /* make_clean.sh */,
				B6E3A6FB2C80753200106E8A /* make_debug.sh */,
				B6E3A6FC2C80753200106E8A /* make.sh */,
				B6E3A6FD2C80753200106E8A /* Makefile */,
			);
			path = cmake;
			sourceTree = "<group>";
		};
		B6E3A7062C80753200106E8A /* A */ = {
			isa = PBXGroup;
			children = (
				B670A3A92C81863E00FAE7C4 /* directions.csv */,
				B6E3A6FF2C80753200106E8A /* conditions.csv */,
				B6E3A7012C80753200106E8A /* f0.csv */,
				B6E3A7022C80753200106E8A /* Info.csv */,
				B6E3A7032C80753200106E8A /* kcat.csv */,
				B6E3A7042C80753200106E8A /* KM_forward.csv */,
				B6E3A7052C80753200106E8A /* M.csv */,
			);
			path = A;
			sourceTree = "<group>";
		};
		B6E3A70E2C80753200106E8A /* B */ = {
			isa = PBXGroup;
			children = (
				B670A3AA2C81864A00FAE7C4 /* directions.csv */,
				B6E3A7072C80753200106E8A /* conditions.csv */,
				B6E3A7092C80753200106E8A /* f0.csv */,
				B6E3A70A2C80753200106E8A /* Info.csv */,
				B6E3A70B2C80753200106E8A /* kcat.csv */,
				B6E3A70C2C80753200106E8A /* KM_forward.csv */,
				B6E3A70D2C80753200106E8A /* M.csv */,
			);
			path = B;
			sourceTree = "<group>";
		};
		B6E3A7162C80753200106E8A /* C */ = {
			isa = PBXGroup;
			children = (
				B670A3AB2C81865100FAE7C4 /* directions.csv */,
				B6E3A70F2C80753200106E8A /* conditions.csv */,
				B6E3A7112C80753200106E8A /* f0.csv */,
				B6E3A7122C80753200106E8A /* Info.csv */,
				B6E3A7132C80753200106E8A /* kcat.csv */,
				B6E3A7142C80753200106E8A /* KM_forward.csv */,
				B6E3A7152C80753200106E8A /* M.csv */,
			);
			path = C;
			sourceTree = "<group>";
		};
		B6E3A71E2C80753200106E8A /* D */ = {
			isa = PBXGroup;
			children = (
				B670A3AC2C81865700FAE7C4 /* directions.csv */,
				B6E3A7172C80753200106E8A /* conditions.csv */,
				B6E3A7192C80753200106E8A /* f0.csv */,
				B6E3A71A2C80753200106E8A /* Info.csv */,
				B6E3A71B2C80753200106E8A /* kcat.csv */,
				B6E3A71C2C80753200106E8A /* KM_forward.csv */,
				B6E3A71D2C80753200106E8A /* M.csv */,
			);
			path = D;
			sourceTree = "<group>";
		};
		B6E3A7272C80753200106E8A /* EC12b */ = {
			isa = PBXGroup;
			children = (
				B670A3AD2C81865E00FAE7C4 /* directions.csv */,
				B6E3A71F2C80753200106E8A /* conditions.csv */,
				B6E3A7212C80753200106E8A /* f0.csv */,
				B6E3A7222C80753200106E8A /* Info.csv */,
				B6E3A7232C80753200106E8A /* KA.csv */,
				B6E3A7242C80753200106E8A /* kcat.csv */,
				B6E3A7252C80753200106E8A /* KM_forward.csv */,
				B6E3A7262C80753200106E8A /* M.csv */,
			);
			path = EC12b;
			sourceTree = "<group>";
		};
		B6E3A7282C80753200106E8A /* csv_models */ = {
			isa = PBXGroup;
			children = (
				B65015402C89716100604166 /* MMSYN */,
				B6E3A7062C80753200106E8A /* A */,
				B6E3A70E2C80753200106E8A /* B */,
				B6E3A7162C80753200106E8A /* C */,
				B6E3A71E2C80753200106E8A /* D */,
				B6E3A7272C80753200106E8A /* EC12b */,
			);
			path = csv_models;
			sourceTree = "<group>";
		};
		B6E3A7292C80753200106E8A /* output */ = {
			isa = PBXGroup;
			children = (
				B6EABD832C8731EA00851672 /* initial_report.txt */,
			);
			path = output;
			sourceTree = "<group>";
		};
		B6E3A72F2C80753200106E8A /* lib */ = {
			isa = PBXGroup;
			children = (
				B6E3A72B2C80753200106E8A /* Macros.hpp */,
				B6E3A72A2C80753200106E8A /* Enums.hpp */,
				B6E3A72E2C80753200106E8A /* Structs.hpp */,
				B6E3A72D2C80753200106E8A /* Model.hpp */,
				B6E3A72C2C80753200106E8A /* Model.cpp */,
			);
			path = lib;
			sourceTree = "<group>";
		};
		B6E3A7312C80753200106E8A /* src */ = {
			isa = PBXGroup;
			children = (
				B6E3A72F2C80753200106E8A /* lib */,
				B6E3A7302C80753200106E8A /* calculate_gradient_ascent_trajectory.cpp */,
				B6E3A7442C80858700106E8A /* calculate_local_optimum.cpp */,
			);
			path = src;
			sourceTree = "<group>";
		};
		B6E3A7332C80753200106E8A /* GBA_Evolution_2 */ = {
			isa = PBXGroup;
			children = (
				B6E3A7322C80753200106E8A /* GBA_Evolution_2.xcodeproj */,
			);
			path = GBA_Evolution_2;
			sourceTree = "<group>";
		};
		B6E3A7342C80753200106E8A /* xcode */ = {
			isa = PBXGroup;
			children = (
				B6E3A7332C80753200106E8A /* GBA_Evolution_2 */,
			);
			path = xcode;
			sourceTree = "<group>";
		};
		B6E3A73B2C80753200106E8A /* GBA_Evolution_2 */ = {
			isa = PBXGroup;
			children = (
				B6E3A73A2C80753200106E8A /* README.md */,
				B6E3A7382C80753200106E8A /* LICENSE */,
				B6E3A7372C80753200106E8A /* CMakeLists.txt */,
				B6E3A7352C80753200106E8A /* .gitignore */,
				B6E3A7362C80753200106E8A /* clean_folders.sh */,
				B6E3A6BF2C80753200106E8A /* build */,
				B6E3A6FE2C80753200106E8A /* cmake */,
				B6E3A7282C80753200106E8A /* csv_models */,
				B6E3A7292C80753200106E8A /* output */,
				B6E3A7312C80753200106E8A /* src */,
				B6E3A7392C80753200106E8A /* plot_trajectory.R */,
				B6E3A7342C80753200106E8A /* xcode */,
			);
			name = GBA_Evolution_2;
			path = ../..;
			sourceTree = "<group>";
		};
		B6E3A73C2C80753200106E8A /* Products */ = {
			isa = PBXGroup;
			name = Products;
			sourceTree = "<group>";
		};
/* End PBXGroup section */

/* Begin PBXNativeTarget section */
		B60959562C80D40200A8BEB1 /* MMSYN_tests */ = {
			isa = PBXNativeTarget;
			buildConfigurationList = B60959602C80D40200A8BEB1 /* Build configuration list for PBXNativeTarget "MMSYN_tests" */;
			buildPhases = (
				B60959572C80D40200A8BEB1 /* Sources */,
				B609595E2C80D40200A8BEB1 /* Frameworks */,
				B609595F2C80D40200A8BEB1 /* CopyFiles */,
			);
			buildRules = (
			);
			dependencies = (
			);
			name = MMSYN_tests;
			productName = calculate_gradient_ascent_trajectory;
			productReference = B60959632C80D40200A8BEB1 /* MMSYN_tests */;
			productType = "com.apple.product-type.tool";
		};
		B61A093F2C8070BD009D4A4C /* calculate_gradient_ascent_trajectory */ = {
			isa = PBXNativeTarget;
			buildConfigurationList = B61A09442C8070BD009D4A4C /* Build configuration list for PBXNativeTarget "calculate_gradient_ascent_trajectory" */;
			buildPhases = (
				B61A093C2C8070BD009D4A4C /* Sources */,
				B61A093D2C8070BD009D4A4C /* Frameworks */,
				B61A093E2C8070BD009D4A4C /* CopyFiles */,
			);
			buildRules = (
			);
			dependencies = (
			);
			name = calculate_gradient_ascent_trajectory;
			productName = calculate_gradient_ascent_trajectory;
			productReference = B61A09402C8070BD009D4A4C /* calculate_gradient_ascent_trajectory */;
			productType = "com.apple.product-type.tool";
		};
		B6E3A7462C809E5F00106E8A /* calculate_local_optimum */ = {
			isa = PBXNativeTarget;
			buildConfigurationList = B6E3A7502C809E5F00106E8A /* Build configuration list for PBXNativeTarget "calculate_local_optimum" */;
			buildPhases = (
				B6E3A7472C809E5F00106E8A /* Sources */,
				B6E3A74E2C809E5F00106E8A /* Frameworks */,
				B6E3A74F2C809E5F00106E8A /* CopyFiles */,
			);
			buildRules = (
			);
			dependencies = (
			);
			name = calculate_local_optimum;
			productName = calculate_gradient_ascent_trajectory;
			productReference = B6E3A7532C809E5F00106E8A /* calculate_local_optimum */;
			productType = "com.apple.product-type.tool";
		};
/* End PBXNativeTarget section */

/* Begin PBXProject section */
		B61A08E92C806E72009D4A4C /* Project object */ = {
			isa = PBXProject;
			attributes = {
				BuildIndependentTargetsInParallel = 1;
				LastUpgradeCheck = 1540;
				TargetAttributes = {
					B61A093F2C8070BD009D4A4C = {
						CreatedOnToolsVersion = 15.4;
					};
				};
			};
			buildConfigurationList = B61A08EC2C806E72009D4A4C /* Build configuration list for PBXProject "GBA_Evolution_2" */;
			compatibilityVersion = "Xcode 14.0";
			developmentRegion = en;
			hasScannedForEncodings = 0;
			knownRegions = (
				en,
				Base,
			);
			mainGroup = B61A08E82C806E72009D4A4C;
			productRefGroup = B61A08F22C806E72009D4A4C /* Products */;
			projectDirPath = "";
			projectReferences = (
				{
					ProductGroup = B6E3A73C2C80753200106E8A /* Products */;
					ProjectRef = B6E3A7322C80753200106E8A /* GBA_Evolution_2.xcodeproj */;
				},
			);
			projectRoot = "";
			targets = (
				B61A093F2C8070BD009D4A4C /* calculate_gradient_ascent_trajectory */,
				B6E3A7462C809E5F00106E8A /* calculate_local_optimum */,
				B60959562C80D40200A8BEB1 /* MMSYN_tests */,
			);
		};
/* End PBXProject section */

/* Begin PBXSourcesBuildPhase section */
		B60959572C80D40200A8BEB1 /* Sources */ = {
			isa = PBXSourcesBuildPhase;
			buildActionMask = 2147483647;
			files = (
				B60959592C80D40200A8BEB1 /* Enums.hpp in Sources */,
				B609595A2C80D40200A8BEB1 /* Macros.hpp in Sources */,
				B609595B2C80D40200A8BEB1 /* Model.cpp in Sources */,
				B609595C2C80D40200A8BEB1 /* Model.hpp in Sources */,
				B609595D2C80D40200A8BEB1 /* Structs.hpp in Sources */,
			);
			runOnlyForDeploymentPostprocessing = 0;
		};
		B61A093C2C8070BD009D4A4C /* Sources */ = {
			isa = PBXSourcesBuildPhase;
			buildActionMask = 2147483647;
			files = (
				B6E3A73E2C80754B00106E8A /* Enums.hpp in Sources */,
				B6E3A73F2C80754B00106E8A /* Macros.hpp in Sources */,
				B6E3A7402C80754B00106E8A /* Model.cpp in Sources */,
				B6E3A7412C80754B00106E8A /* Model.hpp in Sources */,
				B6E3A7422C80754B00106E8A /* Structs.hpp in Sources */,
				B6E3A7432C80754B00106E8A /* calculate_gradient_ascent_trajectory.cpp in Sources */,
			);
			runOnlyForDeploymentPostprocessing = 0;
		};
		B6E3A7472C809E5F00106E8A /* Sources */ = {
			isa = PBXSourcesBuildPhase;
			buildActionMask = 2147483647;
			files = (
				B6E3A7542C809E7300106E8A /* calculate_local_optimum.cpp in Sources */,
				B6E3A7482C809E5F00106E8A /* Enums.hpp in Sources */,
				B6E3A7492C809E5F00106E8A /* Macros.hpp in Sources */,
				B6E3A74A2C809E5F00106E8A /* Model.cpp in Sources */,
				B6E3A74B2C809E5F00106E8A /* Model.hpp in Sources */,
				B6E3A74C2C809E5F00106E8A /* Structs.hpp in Sources */,
			);
			runOnlyForDeploymentPostprocessing = 0;
		};
/* End PBXSourcesBuildPhase section */

/* Begin XCBuildConfiguration section */
		B60959612C80D40200A8BEB1 /* Debug */ = {
			isa = XCBuildConfiguration;
			buildSettings = {
				CODE_SIGN_STYLE = Automatic;
				PRODUCT_NAME = "$(TARGET_NAME)";
			};
			name = Debug;
		};
		B60959622C80D40200A8BEB1 /* Release */ = {
			isa = XCBuildConfiguration;
			buildSettings = {
				CODE_SIGN_STYLE = Automatic;
				PRODUCT_NAME = "$(TARGET_NAME)";
			};
			name = Release;
		};
		B61A08F62C806E72009D4A4C /* Debug */ = {
			isa = XCBuildConfiguration;
			buildSettings = {
				ALWAYS_SEARCH_USER_PATHS = NO;
				ASSETCATALOG_COMPILER_GENERATE_SWIFT_ASSET_SYMBOL_EXTENSIONS = YES;
				CLANG_ANALYZER_NONNULL = YES;
				CLANG_ANALYZER_NUMBER_OBJECT_CONVERSION = YES_AGGRESSIVE;
				CLANG_CXX_LANGUAGE_STANDARD = "gnu++20";
				CLANG_ENABLE_MODULES = YES;
				CLANG_ENABLE_OBJC_ARC = YES;
				CLANG_ENABLE_OBJC_WEAK = YES;
				CLANG_WARN_BLOCK_CAPTURE_AUTORELEASING = YES;
				CLANG_WARN_BOOL_CONVERSION = YES;
				CLANG_WARN_COMMA = YES;
				CLANG_WARN_CONSTANT_CONVERSION = YES;
				CLANG_WARN_DEPRECATED_OBJC_IMPLEMENTATIONS = YES;
				CLANG_WARN_DIRECT_OBJC_ISA_USAGE = YES_ERROR;
				CLANG_WARN_DOCUMENTATION_COMMENTS = NO;
				CLANG_WARN_EMPTY_BODY = YES;
				CLANG_WARN_ENUM_CONVERSION = YES;
				CLANG_WARN_INFINITE_RECURSION = YES;
				CLANG_WARN_INT_CONVERSION = YES;
				CLANG_WARN_NON_LITERAL_NULL_CONVERSION = YES;
				CLANG_WARN_OBJC_IMPLICIT_RETAIN_SELF = YES;
				CLANG_WARN_OBJC_LITERAL_CONVERSION = YES;
				CLANG_WARN_OBJC_ROOT_CLASS = YES_ERROR;
				CLANG_WARN_QUOTED_INCLUDE_IN_FRAMEWORK_HEADER = YES;
				CLANG_WARN_RANGE_LOOP_ANALYSIS = YES;
				CLANG_WARN_STRICT_PROTOTYPES = YES;
				CLANG_WARN_SUSPICIOUS_MOVE = YES;
				CLANG_WARN_UNGUARDED_AVAILABILITY = YES_AGGRESSIVE;
				CLANG_WARN_UNREACHABLE_CODE = YES;
				CLANG_WARN__DUPLICATE_METHOD_MATCH = YES;
				COPY_PHASE_STRIP = NO;
				DEBUG_INFORMATION_FORMAT = dwarf;
				ENABLE_STRICT_OBJC_MSGSEND = YES;
				ENABLE_TESTABILITY = YES;
				ENABLE_USER_SCRIPT_SANDBOXING = YES;
				GCC_C_LANGUAGE_STANDARD = gnu17;
				GCC_DYNAMIC_NO_PIC = NO;
				GCC_NO_COMMON_BLOCKS = YES;
				GCC_OPTIMIZATION_LEVEL = 0;
				GCC_PREPROCESSOR_DEFINITIONS = (
					"DEBUG=1",
					"$(inherited)",
				);
				GCC_WARN_64_TO_32_BIT_CONVERSION = YES;
				GCC_WARN_ABOUT_RETURN_TYPE = YES_ERROR;
				GCC_WARN_UNDECLARED_SELECTOR = YES;
				GCC_WARN_UNINITIALIZED_AUTOS = YES_AGGRESSIVE;
				GCC_WARN_UNUSED_FUNCTION = YES;
				GCC_WARN_UNUSED_VARIABLE = YES;
				HEADER_SEARCH_PATHS = (
					/opt/local/include,
					/usr/local/include,
				);
				LIBRARY_SEARCH_PATHS = (
					/opt/local/lib,
					/usr/local/lib,
				);
				LOCALIZATION_PREFERS_STRING_CATALOGS = YES;
				MACOSX_DEPLOYMENT_TARGET = 14.5;
				MTL_ENABLE_DEBUG_INFO = INCLUDE_SOURCE;
				MTL_FAST_MATH = YES;
				ONLY_ACTIVE_ARCH = YES;
				OTHER_LDFLAGS = (
					"-lgsl",
					"-lgslcblas",
				);
				OTHER_LIBTOOLFLAGS = "-lgslcblas -lgsl";
				SDKROOT = macosx;
			};
			name = Debug;
		};
		B61A08F72C806E72009D4A4C /* Release */ = {
			isa = XCBuildConfiguration;
			buildSettings = {
				ALWAYS_SEARCH_USER_PATHS = NO;
				ASSETCATALOG_COMPILER_GENERATE_SWIFT_ASSET_SYMBOL_EXTENSIONS = YES;
				CLANG_ANALYZER_NONNULL = YES;
				CLANG_ANALYZER_NUMBER_OBJECT_CONVERSION = YES_AGGRESSIVE;
				CLANG_CXX_LANGUAGE_STANDARD = "gnu++20";
				CLANG_ENABLE_MODULES = YES;
				CLANG_ENABLE_OBJC_ARC = YES;
				CLANG_ENABLE_OBJC_WEAK = YES;
				CLANG_WARN_BLOCK_CAPTURE_AUTORELEASING = YES;
				CLANG_WARN_BOOL_CONVERSION = YES;
				CLANG_WARN_COMMA = YES;
				CLANG_WARN_CONSTANT_CONVERSION = YES;
				CLANG_WARN_DEPRECATED_OBJC_IMPLEMENTATIONS = YES;
				CLANG_WARN_DIRECT_OBJC_ISA_USAGE = YES_ERROR;
				CLANG_WARN_DOCUMENTATION_COMMENTS = NO;
				CLANG_WARN_EMPTY_BODY = YES;
				CLANG_WARN_ENUM_CONVERSION = YES;
				CLANG_WARN_INFINITE_RECURSION = YES;
				CLANG_WARN_INT_CONVERSION = YES;
				CLANG_WARN_NON_LITERAL_NULL_CONVERSION = YES;
				CLANG_WARN_OBJC_IMPLICIT_RETAIN_SELF = YES;
				CLANG_WARN_OBJC_LITERAL_CONVERSION = YES;
				CLANG_WARN_OBJC_ROOT_CLASS = YES_ERROR;
				CLANG_WARN_QUOTED_INCLUDE_IN_FRAMEWORK_HEADER = YES;
				CLANG_WARN_RANGE_LOOP_ANALYSIS = YES;
				CLANG_WARN_STRICT_PROTOTYPES = YES;
				CLANG_WARN_SUSPICIOUS_MOVE = YES;
				CLANG_WARN_UNGUARDED_AVAILABILITY = YES_AGGRESSIVE;
				CLANG_WARN_UNREACHABLE_CODE = YES;
				CLANG_WARN__DUPLICATE_METHOD_MATCH = YES;
				COPY_PHASE_STRIP = NO;
				DEBUG_INFORMATION_FORMAT = "dwarf-with-dsym";
				ENABLE_NS_ASSERTIONS = NO;
				ENABLE_STRICT_OBJC_MSGSEND = YES;
				ENABLE_USER_SCRIPT_SANDBOXING = YES;
				GCC_C_LANGUAGE_STANDARD = gnu17;
				GCC_NO_COMMON_BLOCKS = YES;
				GCC_WARN_64_TO_32_BIT_CONVERSION = YES;
				GCC_WARN_ABOUT_RETURN_TYPE = YES_ERROR;
				GCC_WARN_UNDECLARED_SELECTOR = YES;
				GCC_WARN_UNINITIALIZED_AUTOS = YES_AGGRESSIVE;
				GCC_WARN_UNUSED_FUNCTION = YES;
				GCC_WARN_UNUSED_VARIABLE = YES;
				HEADER_SEARCH_PATHS = (
					/opt/local/include,
					/usr/local/include,
				);
				LIBRARY_SEARCH_PATHS = (
					/opt/local/lib,
					/usr/local/lib,
				);
				LOCALIZATION_PREFERS_STRING_CATALOGS = YES;
				MACOSX_DEPLOYMENT_TARGET = 14.5;
				MTL_ENABLE_DEBUG_INFO = NO;
				MTL_FAST_MATH = YES;
				OTHER_LDFLAGS = (
					"-lgsl",
					"-lgslcblas",
				);
				OTHER_LIBTOOLFLAGS = "-lgslcblas -lgsl";
				SDKROOT = macosx;
			};
			name = Release;
		};
		B61A09452C8070BD009D4A4C /* Debug */ = {
			isa = XCBuildConfiguration;
			buildSettings = {
				CODE_SIGN_STYLE = Automatic;
				PRODUCT_NAME = "$(TARGET_NAME)";
			};
			name = Debug;
		};
		B61A09462C8070BD009D4A4C /* Release */ = {
			isa = XCBuildConfiguration;
			buildSettings = {
				CODE_SIGN_STYLE = Automatic;
				PRODUCT_NAME = "$(TARGET_NAME)";
			};
			name = Release;
		};
		B6E3A7512C809E5F00106E8A /* Debug */ = {
			isa = XCBuildConfiguration;
			buildSettings = {
				CODE_SIGN_STYLE = Automatic;
				PRODUCT_NAME = "$(TARGET_NAME)";
			};
			name = Debug;
		};
		B6E3A7522C809E5F00106E8A /* Release */ = {
			isa = XCBuildConfiguration;
			buildSettings = {
				CODE_SIGN_STYLE = Automatic;
				PRODUCT_NAME = "$(TARGET_NAME)";
			};
			name = Release;
		};
/* End XCBuildConfiguration section */

/* Begin XCConfigurationList section */
		B60959602C80D40200A8BEB1 /* Build configuration list for PBXNativeTarget "MMSYN_tests" */ = {
			isa = XCConfigurationList;
			buildConfigurations = (
				B60959612C80D40200A8BEB1 /* Debug */,
				B60959622C80D40200A8BEB1 /* Release */,
			);
			defaultConfigurationIsVisible = 0;
			defaultConfigurationName = Release;
		};
		B61A08EC2C806E72009D4A4C /* Build configuration list for PBXProject "GBA_Evolution_2" */ = {
			isa = XCConfigurationList;
			buildConfigurations = (
				B61A08F62C806E72009D4A4C /* Debug */,
				B61A08F72C806E72009D4A4C /* Release */,
			);
			defaultConfigurationIsVisible = 0;
			defaultConfigurationName = Release;
		};
		B61A09442C8070BD009D4A4C /* Build configuration list for PBXNativeTarget "calculate_gradient_ascent_trajectory" */ = {
			isa = XCConfigurationList;
			buildConfigurations = (
				B61A09452C8070BD009D4A4C /* Debug */,
				B61A09462C8070BD009D4A4C /* Release */,
			);
			defaultConfigurationIsVisible = 0;
			defaultConfigurationName = Release;
		};
		B6E3A7502C809E5F00106E8A /* Build configuration list for PBXNativeTarget "calculate_local_optimum" */ = {
			isa = XCConfigurationList;
			buildConfigurations = (
				B6E3A7512C809E5F00106E8A /* Debug */,
				B6E3A7522C809E5F00106E8A /* Release */,
			);
			defaultConfigurationIsVisible = 0;
			defaultConfigurationName = Release;
		};
/* End XCConfigurationList section */
	};
	rootObject = B61A08E92C806E72009D4A4C /* Project object */;
}
